
Microsoft Visual Studio Solution File, Format Version 12.00
# Visual Studio 2012
Project("{FAE04EC0-301F-11D3-BF4B-00C04F79EFBC}") = "Core", "Core\Core.csproj", "{10A07524-E0B0-4A21-BD47-780B0FB9DE10}"
EndProject
Global
	GlobalSection(SolutionConfigurationPlatforms) = preSolution
		Debug|Any CPU = Debug|Any CPU
		Release|Any CPU = Release|Any CPU
	EndGlobalSection
	GlobalSection(ProjectConfigurationPlatforms) = postSolution
		{10A07524-E0B0-4A21-BD47-780B0FB9DE10}.Debug|Any CPU.ActiveCfg = Debug|Any CPU
		{10A07524-E0B0-4A21-BD47-780B0FB9DE10}.Debug|Any CPU.Build.0 = Debug|Any CPU
		{10A07524-E0B0-4A21-BD47-780B0FB9DE10}.Release|Any CPU.ActiveCfg = Release|Any CPU
		{10A07524-E0B0-4A21-BD47-780B0FB9DE10}.Release|Any CPU.Build.0 = Release|Any CPU
	EndGlobalSection
EndGlobal
